
Microsoft Visual Studio Solution File, Format Version 12.00
# Visual Studio Version 16
VisualStudioVersion = 16.0.30611.23
MinimumVisualStudioVersion = 10.0.40219.1
Project("{FAE04EC0-301F-11D3-BF4B-00C04F79EFBC}") = "Exercises", "Exercises\Exercises.csproj", "{71508EC5-622A-421C-B334-504DAC7C37FA}"
EndProject
Global
	GlobalSection(SolutionConfigurationPlatforms) = preSolution
		Debug|Any CPU = Debug|Any CPU
		Release|Any CPU = Release|Any CPU
	EndGlobalSection
	GlobalSection(ProjectConfigurationPlatforms) = postSolution
		{71508EC5-622A-421C-B334-504DAC7C37FA}.Debug|Any CPU.ActiveCfg = Debug|Any CPU
		{71508EC5-622A-421C-B334-504DAC7C37FA}.Debug|Any CPU.Build.0 = Debug|Any CPU
		{71508EC5-622A-421C-B334-504DAC7C37FA}.Release|Any CPU.ActiveCfg = Release|Any CPU
		{71508EC5-622A-421C-B334-504DAC7C37FA}.Release|Any CPU.Build.0 = Release|Any CPU
	EndGlobalSection
	GlobalSection(SolutionProperties) = preSolution
		HideSolutionNode = FALSE
	EndGlobalSection
	GlobalSection(ExtensibilityGlobals) = postSolution
		SolutionGuid = {A4B310E1-ABD5-4D53-8591-95AE13C92A21}
	EndGlobalSection
EndGlobal
